{
    "_meta": {
        "hash": {
            "sha256": "0a7196b0dda81c2f36b496afaef9e39fb3bb72473cd85689321c901ee6d88b16"
        },
        "pipfile-spec": 6,
        "requires": {},
        "sources": [
            {
                "name": "pypi",
                "url": "https://pypi.python.org/simple",
                "verify_ssl": true
            }
        ]
    },
    "default": {},
    "develop": {
        "atomicwrites": {
            "hashes": [
                "sha256:0312ad34fcad8fac3704d441f7b317e50af620823353ec657a53e981f92920c0",
                "sha256:ec9ae8adaae229e4f8446952d204a3e4b5fdd2d099f9be3aaf556120135fb3ee"
            ],
            "markers": "python_version >= '2.7' and python_version != '3.2.*' and python_version != '3.3.*' and python_version != '3.1.*' and python_version != '3.0.*'",
            "version": "==1.2.1"
        },
        "attrs": {
            "hashes": [
                "sha256:10cbf6e27dbce8c30807caf056c8eb50917e0eaafe86347671b57254006c3e69",
                "sha256:ca4be454458f9dec299268d472aaa5a11f67a4ff70093396e1ceae9c76cf4bbb"
            ],
            "version": "==18.2.0"
        },
        "certifi": {
            "hashes": [
                "sha256:376690d6f16d32f9d1fe8932551d80b23e9d393a8578c5633a2ed39a64861638",
                "sha256:456048c7e371c089d0a77a5212fb37a2c2dce1e24146e3b7e0261736aaeaa22a"
            ],
            "version": "==2018.8.24"
        },
        "chardet": {
            "hashes": [
                "sha256:84ab92ed1c4d4f16916e05906b6b75a6c0fb5db821cc65e70cbd64a3e2a5eaae",
                "sha256:fc323ffcaeaed0e0a02bf4d117757b98aed530d9ed4531e3e15460124c106691"
            ],
            "version": "==3.0.4"
        },
        "codecov": {
            "hashes": [
                "sha256:8ed8b7c6791010d359baed66f84f061bba5bd41174bf324c31311e8737602788",
                "sha256:ae00d68e18d8a20e9c3288ba3875ae03db3a8e892115bf9b83ef20507732bed4"
            ],
            "index": "pypi",
            "version": "==2.0.15"
        },
        "colorama": {
            "hashes": [
                "sha256:463f8483208e921368c9f306094eb6f725c6ca42b0f97e313cb5d5512459feda",
                "sha256:48eb22f4f8461b1df5734a074b57042430fb06e1d61bd1e11b078c0fe6d7a1f1"
            ],
            "index": "pypi",
            "markers": "os_name =='nt'",
            "version": "==0.3.9"
        },
        "coverage": {
            "hashes": [
                "sha256:03481e81d558d30d230bc12999e3edffe392d244349a90f4ef9b88425fac74ba",
                "sha256:0b136648de27201056c1869a6c0d4e23f464750fd9a9ba9750b8336a244429ed",
                "sha256:10a46017fef60e16694a30627319f38a2b9b52e90182dddb6e37dcdab0f4bf95",
                "sha256:198626739a79b09fa0a2f06e083ffd12eb55449b5f8bfdbeed1df4910b2ca640",
                "sha256:23d341cdd4a0371820eb2b0bd6b88f5003a7438bbedb33688cd33b8eae59affd",
                "sha256:28b2191e7283f4f3568962e373b47ef7f0392993bb6660d079c62bd50fe9d162",
                "sha256:2a5b73210bad5279ddb558d9a2bfedc7f4bf6ad7f3c988641d83c40293deaec1",
                "sha256:2eb564bbf7816a9d68dd3369a510be3327f1c618d2357fa6b1216994c2e3d508",
                "sha256:337ded681dd2ef9ca04ef5d93cfc87e52e09db2594c296b4a0a3662cb1b41249",
                "sha256:3a2184c6d797a125dca8367878d3b9a178b6fdd05fdc2d35d758c3006a1cd694",
                "sha256:3c79a6f7b95751cdebcd9037e4d06f8d5a9b60e4ed0cd231342aa8ad7124882a",
                "sha256:3d72c20bd105022d29b14a7d628462ebdc61de2f303322c0212a054352f3b287",
                "sha256:3eb42bf89a6be7deb64116dd1cc4b08171734d721e7a7e57ad64cc4ef29ed2f1",
                "sha256:4635a184d0bbe537aa185a34193898eee409332a8ccb27eea36f262566585000",
                "sha256:56e448f051a201c5ebbaa86a5efd0ca90d327204d8b059ab25ad0f35fbfd79f1",
                "sha256:5a13ea7911ff5e1796b6d5e4fbbf6952381a611209b736d48e675c2756f3f74e",
                "sha256:69bf008a06b76619d3c3f3b1983f5145c75a305a0fea513aca094cae5c40a8f5",
                "sha256:6bc583dc18d5979dc0f6cec26a8603129de0304d5ae1f17e57a12834e7235062",
                "sha256:701cd6093d63e6b8ad7009d8a92425428bc4d6e7ab8d75efbb665c806c1d79ba",
                "sha256:7608a3dd5d73cb06c531b8925e0ef8d3de31fed2544a7de6c63960a1e73ea4bc",
                "sha256:76ecd006d1d8f739430ec50cc872889af1f9c1b6b8f48e29941814b09b0fd3cc",
                "sha256:7aa36d2b844a3e4a4b356708d79fd2c260281a7390d678a10b91ca595ddc9e99",
                "sha256:7d3f553904b0c5c016d1dad058a7554c7ac4c91a789fca496e7d8347ad040653",
                "sha256:7e1fe19bd6dce69d9fd159d8e4a80a8f52101380d5d3a4d374b6d3eae0e5de9c",
                "sha256:8c3cb8c35ec4d9506979b4cf90ee9918bc2e49f84189d9bf5c36c0c1119c6558",
                "sha256:9d6dd10d49e01571bf6e147d3b505141ffc093a06756c60b053a859cb2128b1f",
                "sha256:be6cfcd8053d13f5f5eeb284aa8a814220c3da1b0078fa859011c7fffd86dab9",
                "sha256:c1bb572fab8208c400adaf06a8133ac0712179a334c09224fb11393e920abcdd",
                "sha256:de4418dadaa1c01d497e539210cb6baa015965526ff5afc078c57ca69160108d",
                "sha256:e05cb4d9aad6233d67e0541caa7e511fa4047ed7750ec2510d466e806e0255d6",
                "sha256:f3f501f345f24383c0000395b26b726e46758b71393267aeae0bd36f8b3ade80"
            ],
            "markers": "python_version != '3.2.*' and python_version != '3.0.*' and python_version >= '2.6' and python_version < '4' and python_version != '3.1.*'",
            "version": "==4.5.1"
        },
        "docutils": {
            "hashes": [
                "sha256:02aec4bd92ab067f6ff27a38a38a41173bf01bed8f89157768c1573f53e474a6",
                "sha256:51e64ef2ebfb29cae1faa133b3710143496eca21c530f3f71424d77687764274",
                "sha256:7a4bd47eaf6596e1295ecb11361139febe29b084a87bf005bf899f9a42edc3c6"
            ],
            "version": "==0.14"
        },
        "flake8": {
            "hashes": [
                "sha256:7253265f7abd8b313e3892944044a365e3f4ac3fcdcfb4298f55ee9ddf188ba0",
                "sha256:c7841163e2b576d435799169b78703ad6ac1bbb0f199994fc05f700b2a90ea37"
            ],
            "index": "pypi",
            "version": "==3.5.0"
        },
        "flake8-builtins": {
            "hashes": [
                "sha256:8d806360767947c0035feada4ddef3ede32f0a586ef457e62d811b8456ad9a51",
                "sha256:cd7b1b7fec4905386a3643b59f9ca8e305768da14a49a7efb31fe9364f33cd04"
            ],
            "index": "pypi",
            "version": "==1.4.1"
        },
        "flake8-commas": {
            "hashes": [
                "sha256:d3005899466f51380387df7151fb59afec666a0f4f4a2c6a8995b975de0f44b7",
                "sha256:ee2141a3495ef9789a3894ed8802d03eff1eaaf98ce6d8653a7c573ef101935e"
            ],
            "index": "pypi",
            "version": "==2.0.0"
        },
        "flake8-docstrings": {
            "hashes": [
                "sha256:4e0ce1476b64e6291520e5570cf12b05016dd4e8ae454b8a8a9a48bc5f84e1cd",
                "sha256:8436396b5ecad51a122a2c99ba26e5b4e623bf6e913b0fea0cb6c2c4050f91eb"
            ],
            "index": "pypi",
            "version": "==1.3.0"
        },
        "flake8-polyfill": {
            "hashes": [
                "sha256:12be6a34ee3ab795b19ca73505e7b55826d5f6ad7230d31b18e106400169b9e9",
                "sha256:e44b087597f6da52ec6393a709e7108b2905317d0c0b744cdca6208e670d8eda"
            ],
            "version": "==1.0.2"
        },
        "flake8-quotes": {
            "hashes": [
                "sha256:fd9127ad8bbcf3b546fa7871a5266fd8623ce765ebe3d5aa5eabb80c01212b26"
            ],
            "index": "pypi",
            "version": "==1.0.0"
        },
        "idna": {
            "hashes": [
                "sha256:156a6814fb5ac1fc6850fb002e0852d56c0c8d2531923a51032d1b70760e186e",
                "sha256:684a38a6f903c1d71d6d5fac066b58d7768af4de2b832e426ec79c30daa94a16"
            ],
            "version": "==2.7"
        },
        "isort": {
            "hashes": [
                "sha256:1153601da39a25b14ddc54955dbbacbb6b2d19135386699e2ad58517953b34af",
                "sha256:b9c40e9750f3d77e6e4d441d8b0266cf555e7cdabdcff33c4fd06366ca761ef8",
                "sha256:ec9ef8f4a9bc6f71eec99e1806bfa2de401650d996c59330782b89a5555c1497"
            ],
            "markers": "python_version >= '2.7' and python_version != '3.2.*' and python_version != '3.3.*' and python_version != '3.1.*' and python_version != '3.0.*'",
            "version": "==4.3.4"
        },
        "mccabe": {
            "hashes": [
                "sha256:ab8a6258860da4b6677da4bd2fe5dc2c659cff31b3ee4f7f5d64e79735b80d42",
                "sha256:dd8d182285a0fe56bace7f45b5e7d1a6ebcbf524e8f3bd87eb0f125271b8831f"
            ],
            "version": "==0.6.1"
        },
        "more-itertools": {
            "hashes": [
                "sha256:c187a73da93e7a8acc0001572aebc7e3c69daf7bf6881a2cea10650bd4420092",
                "sha256:c476b5d3a34e12d40130bc2f935028b5f636df8f372dc2c1c01dc19681b2039e",
                "sha256:fcbfeaea0be121980e15bc97b3817b5202ca73d0eae185b4550cbfce2a3ebb3d"
            ],
            "version": "==4.3.0"
        },
        "mypy": {
            "hashes": [
                "sha256:00b95bfdc0d5b9aa53c906e56fb91937743f2121d66684db5f947ec5d75f565d",
                "sha256:6704586b4c2bf7dfa5e87a422be9ca57db622bab65008245759f3d4baeb219dd"
            ],
            "index": "pypi",
            "version": "==0.630"
        },
        "mypy-extensions": {
            "hashes": [
                "sha256:37e0e956f41369209a3d5f34580150bcacfabaa57b33a15c0b25f4b5725e0812",
                "sha256:b16cabe759f55e3409a7d231ebd2841378fb0c27a5d1994719e340e4f429ac3e"
            ],
            "version": "==0.4.1"
        },
        "pluggy": {
            "hashes": [
                "sha256:6e3836e39f4d36ae72840833db137f7b7d35105079aee6ec4a62d9f80d594dd1",
                "sha256:95eb8364a4708392bae89035f45341871286a333f749c3141c20573d2b3876e1"
            ],
            "markers": "python_version >= '2.7' and python_version != '3.2.*' and python_version != '3.3.*' and python_version != '3.1.*' and python_version != '3.0.*'",
            "version": "==0.7.1"
        },
        "py": {
            "hashes": [
                "sha256:06a30435d058473046be836d3fc4f27167fd84c45b99704f2fb5509ef61f9af1",
                "sha256:50402e9d1c9005d759426988a492e0edaadb7f4e68bcddfea586bc7432d009c6"
            ],
            "markers": "python_version >= '2.7' and python_version != '3.2.*' and python_version != '3.3.*' and python_version != '3.1.*' and python_version != '3.0.*'",
            "version": "==1.6.0"
        },
        "py-cpuinfo": {
            "hashes": [
                "sha256:6615d4527118d4ea1db4d86dac4340725b3906aa04bf36b7902f7af4425fb25f"
            ],
            "version": "==4.0.0"
        },
        "pycodestyle": {
            "hashes": [
                "sha256:682256a5b318149ca0d2a9185d365d8864a768a28db66a84a2ea946bcc426766",
                "sha256:6c4245ade1edfad79c3446fadfc96b0de2759662dc29d07d80a6f27ad1ca6ba9"
            ],
            "version": "==2.3.1"
        },
        "pydocstyle": {
            "hashes": [
                "sha256:08a870edc94508264ed90510db466c6357c7192e0e866561d740624a8fc7d90c",
                "sha256:4d5bcde961107873bae621f3d580c3e35a426d3687ffc6f8fb356f6628da5a97",
                "sha256:af9fcccb303899b83bec82dc9a1d56c60fc369973223a5e80c3dfa9bdf984405"
            ],
            "version": "==2.1.1"
        },
        "pyflakes": {
            "hashes": [
                "sha256:08bd6a50edf8cffa9fa09a463063c425ecaaf10d1eb0335a7e8b1401aef89e6f",
                "sha256:8d616a382f243dbf19b54743f280b80198be0bca3a5396f1d2e1fca6223e8805"
            ],
            "version": "==1.6.0"
        },
        "pygments": {
            "hashes": [
                "sha256:78f3f434bcc5d6ee09020f92ba487f95ba50f1e3ef83ae96b9d5ffa1bab25c5d",
                "sha256:dbae1046def0efb574852fab9e90209b23f556367b5a320c0bcb871c77c3e8cc"
            ],
            "index": "pypi",
            "version": "==2.2.0"
        },
        "pyroma": {
            "hashes": [
                "sha256:3ed770a0ed1616ee2ffa576852e34fb1ea5b54c37ff78dd33cff67d0e4bb584b",
                "sha256:94a11cb077976bff9bd37ac8b487902556f216c4ee90b74a2344367f73b6ee7f"
            ],
            "index": "pypi",
            "version": "==2.4"
        },
        "pytest": {
            "hashes": [
                "sha256:0a72d8a9f559c006ba153e0c9b4838efd7b656cf1f993747ba7128770d6eb12c",
                "sha256:95529588ff4e85114a0b0ad8e9cf0131ca47d46b28230e25366c5aba66b1d854"
            ],
            "index": "pypi",
            "version": "==3.8.1"
        },
        "pytest-benchmark": {
            "hashes": [
                "sha256:185526b10b7cf1804cb0f32ac0653561ef2f233c6e50a9b3d8066a9757e36480",
                "sha256:3549545f1a051a789d956a4a9b176583cd6b847e621b788471e6c04b7d8d0e3c"
            ],
            "index": "pypi",
            "version": "==3.1.1"
        },
        "pytest-cov": {
            "hashes": [
                "sha256:513c425e931a0344944f84ea47f3956be0e416d95acbd897a44970c8d926d5d7",
                "sha256:e360f048b7dae3f2f2a9a4d067b2dd6b6a015d384d1577c994a43f3f7cbad762"
            ],
            "index": "pypi",
            "version": "==2.6.0"
        },
        "pytest-flake8": {
            "hashes": [
                "sha256:4f30f5be3efb89755f38f11bdb2a5e22d19a6f5faa73428f703a3292a9572cd3",
                "sha256:c740ad6aa19e3958947d2118f70bed218caf1d2097039fb7318573a2a72f89a1"
            ],
            "index": "pypi",
            "version": "==1.0.2"
        },
        "pytest-isort": {
            "hashes": [
                "sha256:2221c0914dfca41914625a646f0d2d1d4c676861b9a7b26746a7fdd40aa2c59b",
                "sha256:c70d0f900f4647bb714f0843dd82d7f7b759904006de31254efdb72ce88e0c0e"
            ],
            "index": "pypi",
            "version": "==0.2.1"
        },
        "pytest-mock": {
            "hashes": [
                "sha256:53801e621223d34724926a5c98bd90e8e417ce35264365d39d6c896388dcc928",
                "sha256:d89a8209d722b8307b5e351496830d5cc5e192336003a485443ae9adeb7dd4c0"
            ],
            "index": "pypi",
            "version": "==1.10.0"
        },
        "requests": {
            "hashes": [
                "sha256:63b52e3c866428a224f97cab011de738c36aec0185aa91cfacd418b5d58911d1",
                "sha256:ec22d826a36ed72a7358ff3fe56cbd4ba69dd7a6718ffd450ff0e9df7a47ce6a"
            ],
            "index": "pypi",
            "version": "==2.19.1"
        },
        "six": {
            "hashes": [
                "sha256:70e8a77beed4562e7f14fe23a786b54f6296e34344c23bc42f07b15018ff98e9",
                "sha256:832dc0e10feb1aa2c68dcc57dbb658f1c7e65b9b61af69048abc87a2db00a0eb"
            ],
            "version": "==1.11.0"
        },
        "snowballstemmer": {
            "hashes": [
                "sha256:919f26a68b2c17a7634da993d91339e288964f93c274f1343e3bbbe2096e1128",
                "sha256:9f3bcd3c401c3e862ec0ebe6d2c069ebc012ce142cce209c098ccb5b09136e89"
            ],
            "version": "==1.2.1"
        },
        "typed-ast": {
            "hashes": [
                "sha256:0948004fa228ae071054f5208840a1e88747a357ec1101c17217bfe99b299d58",
                "sha256:10703d3cec8dcd9eef5a630a04056bbc898abc19bac5691612acba7d1325b66d",
                "sha256:1f6c4bd0bdc0f14246fd41262df7dfc018d65bb05f6e16390b7ea26ca454a291",
                "sha256:25d8feefe27eb0303b73545416b13d108c6067b846b543738a25ff304824ed9a",
                "sha256:29464a177d56e4e055b5f7b629935af7f49c196be47528cc94e0a7bf83fbc2b9",
                "sha256:2e214b72168ea0275efd6c884b114ab42e316de3ffa125b267e732ed2abda892",
                "sha256:3e0d5e48e3a23e9a4d1a9f698e32a542a4a288c871d33ed8df1b092a40f3a0f9",
                "sha256:519425deca5c2b2bdac49f77b2c5625781abbaf9a809d727d3a5596b30bb4ded",
                "sha256:57fe287f0cdd9ceaf69e7b71a2e94a24b5d268b35df251a88fef5cc241bf73aa",
                "sha256:668d0cec391d9aed1c6a388b0d5b97cd22e6073eaa5fbaa6d2946603b4871efe",
                "sha256:68ba70684990f59497680ff90d18e756a47bf4863c604098f10de9716b2c0bdd",
                "sha256:6de012d2b166fe7a4cdf505eee3aaa12192f7ba365beeefaca4ec10e31241a85",
                "sha256:79b91ebe5a28d349b6d0d323023350133e927b4de5b651a8aa2db69c761420c6",
                "sha256:8550177fa5d4c1f09b5e5f524411c44633c80ec69b24e0e98906dd761941ca46",
                "sha256:898f818399cafcdb93cbbe15fc83a33d05f18e29fb498ddc09b0214cdfc7cd51",
                "sha256:94b091dc0f19291adcb279a108f5d38de2430411068b219f41b343c03b28fb1f",
                "sha256:a26863198902cda15ab4503991e8cf1ca874219e0118cbf07c126bce7c4db129",
                "sha256:a8034021801bc0440f2e027c354b4eafd95891b573e12ff0418dec385c76785c",
                "sha256:bc978ac17468fe868ee589c795d06777f75496b1ed576d308002c8a5756fb9ea",
                "sha256:c05b41bc1deade9f90ddc5d988fe506208019ebba9f2578c622516fd201f5863",
                "sha256:c9b060bd1e5a26ab6e8267fd46fc9e02b54eb15fffb16d112d4c7b1c12987559",
                "sha256:edb04bdd45bfd76c8292c4d9654568efaedf76fe78eb246dde69bdb13b2dad87",
                "sha256:f19f2a4f547505fe9072e15f6f4ae714af51b5a681a97f187971f50c283193b6"
            ],
            "version": "==1.1.0"
        },
        "urllib3": {
            "hashes": [
                "sha256:a68ac5e15e76e7e5dd2b8f94007233e01effe3e50e8daddf69acfd81cb686baf",
                "sha256:b5725a0bd4ba422ab0e66e89e030c806576753ea3ee08554382c14e685d117b5"
            ],
            "markers": "python_version != '3.2.*' and python_version != '3.3.*' and python_version != '3.0.*' and python_version >= '2.6' and python_version < '4' and python_version != '3.1.*'",
            "version": "==1.23"
        }
    }
}
