{
    "_meta": {
        "hash": {
            "sha256": "6c9a5d7d5fa5794db280f95d6853a8da8ecf480a891755f3b349164a8fa7d9cf"
        },
        "pipfile-spec": 6,
        "requires": {},
        "sources": [
            {
                "name": "pypi",
                "url": "https://pypi.python.org/simple",
                "verify_ssl": true
            }
        ]
    },
    "default": {},
    "develop": {
        "atomicwrites": {
            "hashes": [
                "sha256:03472c30eb2c5d1ba9227e4c2ca66ab8287fbfbbda3888aa93dc2e28fc6811b4",
                "sha256:75a9445bac02d8d058d5e1fe689654ba5a6556a1dfd8ce6ec55a0ed79866cfa6"
            ],
            "version": "==1.3.0"
        },
        "attrs": {
            "hashes": [
                "sha256:69c0dbf2ed392de1cb5ec704444b08a5ef81680a61cb899dc08127123af36a79",
                "sha256:f0b870f674851ecbfbbbd364d6b5cbdff9dcedbc7f3f5e18a6891057f21fe399"
            ],
            "version": "==19.1.0"
        },
        "bleach": {
            "hashes": [
                "sha256:213336e49e102af26d9cde77dd2d0397afabc5a6bf2fed985dc35b5d1e285a16",
                "sha256:3fdf7f77adcf649c9911387df51254b813185e32b2c6619f690b593a617e19fa"
            ],
            "version": "==3.1.0"
        },
        "certifi": {
            "hashes": [
                "sha256:59b7658e26ca9c7339e00f8f4636cdfe59d34fa37b9b04f6f9e9926b3cece1a5",
                "sha256:b26104d6835d1f5e49452a26eb2ff87fe7090b89dfcaee5ea2212697e1e1d7ae"
            ],
            "version": "==2019.3.9"
        },
        "chardet": {
            "hashes": [
                "sha256:84ab92ed1c4d4f16916e05906b6b75a6c0fb5db821cc65e70cbd64a3e2a5eaae",
                "sha256:fc323ffcaeaed0e0a02bf4d117757b98aed530d9ed4531e3e15460124c106691"
            ],
            "version": "==3.0.4"
        },
        "check-manifest": {
            "hashes": [
                "sha256:d3ef229a2629024f082922faa2173ceaf19390b7aa3c63bf0eea000dbee8a6dc",
                "sha256:dba4749e3874d8f83eb4f0814c9c331fcade6c6325f885deb7b14aa1487fb323"
            ],
            "index": "pypi",
            "version": "==0.38"
        },
        "codecov": {
            "hashes": [
                "sha256:8ed8b7c6791010d359baed66f84f061bba5bd41174bf324c31311e8737602788",
                "sha256:ae00d68e18d8a20e9c3288ba3875ae03db3a8e892115bf9b83ef20507732bed4"
            ],
            "index": "pypi",
            "version": "==2.0.15"
        },
        "colorama": {
            "hashes": [
                "sha256:05eed71e2e327246ad6b38c540c4a3117230b19679b875190486ddd2d721422d",
                "sha256:f8ac84de7840f5b9c4e3347b3c1eaa50f7e49c2b07596221daec5edaabbd7c48"
            ],
            "index": "pypi",
            "markers": "os_name == 'nt'",
            "version": "==0.4.1"
        },
        "coverage": {
            "hashes": [
                "sha256:3684fabf6b87a369017756b551cef29e505cb155ddb892a7a29277b978da88b9",
                "sha256:39e088da9b284f1bd17c750ac672103779f7954ce6125fd4382134ac8d152d74",
                "sha256:3c205bc11cc4fcc57b761c2da73b9b72a59f8d5ca89979afb0c1c6f9e53c7390",
                "sha256:465ce53a8c0f3a7950dfb836438442f833cf6663d407f37d8c52fe7b6e56d7e8",
                "sha256:48020e343fc40f72a442c8a1334284620f81295256a6b6ca6d8aa1350c763bbe",
                "sha256:5296fc86ab612ec12394565c500b412a43b328b3907c0d14358950d06fd83baf",
                "sha256:5f61bed2f7d9b6a9ab935150a6b23d7f84b8055524e7be7715b6513f3328138e",
                "sha256:68a43a9f9f83693ce0414d17e019daee7ab3f7113a70c79a3dd4c2f704e4d741",
                "sha256:6b8033d47fe22506856fe450470ccb1d8ba1ffb8463494a15cfc96392a288c09",
                "sha256:7ad7536066b28863e5835e8cfeaa794b7fe352d99a8cded9f43d1161be8e9fbd",
                "sha256:7bacb89ccf4bedb30b277e96e4cc68cd1369ca6841bde7b005191b54d3dd1034",
                "sha256:839dc7c36501254e14331bcb98b27002aa415e4af7ea039d9009409b9d2d5420",
                "sha256:8f9a95b66969cdea53ec992ecea5406c5bd99c9221f539bca1e8406b200ae98c",
                "sha256:932c03d2d565f75961ba1d3cec41ddde00e162c5b46d03f7423edcb807734eab",
                "sha256:988529edadc49039d205e0aa6ce049c5ccda4acb2d6c3c5c550c17e8c02c05ba",
                "sha256:998d7e73548fe395eeb294495a04d38942edb66d1fa61eb70418871bc621227e",
                "sha256:9de60893fb447d1e797f6bf08fdf0dbcda0c1e34c1b06c92bd3a363c0ea8c609",
                "sha256:9e80d45d0c7fcee54e22771db7f1b0b126fb4a6c0a2e5afa72f66827207ff2f2",
                "sha256:a545a3dfe5082dc8e8c3eb7f8a2cf4f2870902ff1860bd99b6198cfd1f9d1f49",
                "sha256:a5d8f29e5ec661143621a8f4de51adfb300d7a476224156a39a392254f70687b",
                "sha256:aca06bfba4759bbdb09bf52ebb15ae20268ee1f6747417837926fae990ebc41d",
                "sha256:bb23b7a6fd666e551a3094ab896a57809e010059540ad20acbeec03a154224ce",
                "sha256:bfd1d0ae7e292105f29d7deaa9d8f2916ed8553ab9d5f39ec65bcf5deadff3f9",
                "sha256:c62ca0a38958f541a73cf86acdab020c2091631c137bd359c4f5bddde7b75fd4",
                "sha256:c709d8bda72cf4cd348ccec2a4881f2c5848fd72903c185f363d361b2737f773",
                "sha256:c968a6aa7e0b56ecbd28531ddf439c2ec103610d3e2bf3b75b813304f8cb7723",
                "sha256:df785d8cb80539d0b55fd47183264b7002077859028dfe3070cf6359bf8b2d9c",
                "sha256:f406628ca51e0ae90ae76ea8398677a921b36f0bd71aab2099dfed08abd0322f",
                "sha256:f46087bbd95ebae244a0eda01a618aff11ec7a069b15a3ef8f6b520db523dcf1",
                "sha256:f8019c5279eb32360ca03e9fac40a12667715546eed5c5eb59eb381f2f501260",
                "sha256:fc5f4d209733750afd2714e9109816a29500718b32dd9a5db01c0cb3a019b96a"
            ],
            "version": "==4.5.3"
        },
        "docutils": {
            "hashes": [
                "sha256:02aec4bd92ab067f6ff27a38a38a41173bf01bed8f89157768c1573f53e474a6",
                "sha256:51e64ef2ebfb29cae1faa133b3710143496eca21c530f3f71424d77687764274",
                "sha256:7a4bd47eaf6596e1295ecb11361139febe29b084a87bf005bf899f9a42edc3c6"
            ],
            "version": "==0.14"
        },
        "entrypoints": {
            "hashes": [
                "sha256:589f874b313739ad35be6e0cd7efde2a4e9b6fea91edcc34e58ecbb8dbe56d19",
                "sha256:c70dd71abe5a8c85e55e12c19bd91ccfeec11a6e99044204511f9ed547d48451"
            ],
            "version": "==0.3"
        },
        "flake8": {
            "hashes": [
                "sha256:859996073f341f2670741b51ec1e67a01da142831aa1fdc6242dbf88dffbe661",
                "sha256:a796a115208f5c03b18f332f7c11729812c8c3ded6c46319c59b53efd3819da8"
            ],
            "index": "pypi",
            "version": "==3.7.7"
        },
        "flake8-builtins": {
            "hashes": [
                "sha256:8d806360767947c0035feada4ddef3ede32f0a586ef457e62d811b8456ad9a51",
                "sha256:cd7b1b7fec4905386a3643b59f9ca8e305768da14a49a7efb31fe9364f33cd04"
            ],
            "index": "pypi",
            "version": "==1.4.1"
        },
        "flake8-commas": {
            "hashes": [
                "sha256:d3005899466f51380387df7151fb59afec666a0f4f4a2c6a8995b975de0f44b7",
                "sha256:ee2141a3495ef9789a3894ed8802d03eff1eaaf98ce6d8653a7c573ef101935e"
            ],
            "index": "pypi",
            "version": "==2.0.0"
        },
        "flake8-docstrings": {
            "hashes": [
                "sha256:4e0ce1476b64e6291520e5570cf12b05016dd4e8ae454b8a8a9a48bc5f84e1cd",
                "sha256:8436396b5ecad51a122a2c99ba26e5b4e623bf6e913b0fea0cb6c2c4050f91eb"
            ],
            "index": "pypi",
            "version": "==1.3.0"
        },
        "flake8-polyfill": {
            "hashes": [
                "sha256:12be6a34ee3ab795b19ca73505e7b55826d5f6ad7230d31b18e106400169b9e9",
                "sha256:e44b087597f6da52ec6393a709e7108b2905317d0c0b744cdca6208e670d8eda"
            ],
            "version": "==1.0.2"
        },
        "flake8-quotes": {
            "hashes": [
                "sha256:10c9af6b472d4302a8e721c5260856c3f985c5c082b04841aefd2f808ac02038"
            ],
            "index": "pypi",
            "version": "==2.0.1"
        },
        "flake8-type-annotations": {
            "hashes": [
                "sha256:88775455792ad7bbd63a71bc94e8a077deb5608eacb5add7e5a7a648c7636426",
                "sha256:de64de5efef3277d7b6012e8618c37d35b21465fb16292e46e6eec5b87e47a8c"
            ],
            "index": "pypi",
            "version": "==0.1.0"
        },
        "idna": {
            "hashes": [
                "sha256:c357b3f628cf53ae2c4c05627ecc484553142ca23264e593d327bcde5e9c3407",
                "sha256:ea8b7f6188e6fa117537c3df7da9fc686d485087abf6ac197f9c46432f7e4a3c"
            ],
            "version": "==2.8"
        },
        "isort": {
            "hashes": [
                "sha256:1349c6f7c2a0f7539f5f2ace51a9a8e4a37086ce4de6f78f5f53fb041d0a3cd5",
                "sha256:f09911f6eb114e5592abe635aded8bf3d2c3144ebcfcaf81ee32e7af7b7d1870"
            ],
            "version": "==4.3.18"
        },
        "mccabe": {
            "hashes": [
                "sha256:ab8a6258860da4b6677da4bd2fe5dc2c659cff31b3ee4f7f5d64e79735b80d42",
                "sha256:dd8d182285a0fe56bace7f45b5e7d1a6ebcbf524e8f3bd87eb0f125271b8831f"
            ],
            "version": "==0.6.1"
        },
        "more-itertools": {
            "hashes": [
                "sha256:2112d2ca570bb7c3e53ea1a35cd5df42bb0fd10c45f0fb97178679c3c03d64c7",
                "sha256:c3e4748ba1aad8dba30a4886b0b1a2004f9a863837b8654e7059eebf727afa5a"
            ],
            "markers": "python_version > '2.7'",
            "version": "==7.0.0"
        },
        "mypy": {
            "hashes": [
                "sha256:2afe51527b1f6cdc4a5f34fc90473109b22bf7f21086ba3e9451857cf11489e6",
                "sha256:56a16df3e0abb145d8accd5dbb70eba6c4bd26e2f89042b491faa78c9635d1e2",
                "sha256:5764f10d27b2e93c84f70af5778941b8f4aa1379b2430f85c827e0f5464e8714",
                "sha256:5bbc86374f04a3aa817622f98e40375ccb28c4836f36b66706cf3c6ccce86eda",
                "sha256:6a9343089f6377e71e20ca734cd8e7ac25d36478a9df580efabfe9059819bf82",
                "sha256:6c9851bc4a23dc1d854d3f5dfd5f20a016f8da86bcdbb42687879bb5f86434b0",
                "sha256:b8e85956af3fcf043d6f87c91cbe8705073fc67029ba6e22d3468bfee42c4823",
                "sha256:b9a0af8fae490306bc112229000aa0c2ccc837b49d29a5c42e088c132a2334dd",
                "sha256:bbf643528e2a55df2c1587008d6e3bda5c0445f1240dfa85129af22ae16d7a9a",
                "sha256:c46ab3438bd21511db0f2c612d89d8344154c0c9494afc7fbc932de514cf8d15",
                "sha256:f7a83d6bd805855ef83ec605eb01ab4fa42bcef254b13631e451cbb44914a9b0"
            ],
            "index": "pypi",
            "version": "==0.701"
        },
        "mypy-extensions": {
            "hashes": [
                "sha256:37e0e956f41369209a3d5f34580150bcacfabaa57b33a15c0b25f4b5725e0812",
                "sha256:b16cabe759f55e3409a7d231ebd2841378fb0c27a5d1994719e340e4f429ac3e"
            ],
            "version": "==0.4.1"
        },
        "pluggy": {
            "hashes": [
                "sha256:25a1bc1d148c9a640211872b4ff859878d422bccb59c9965e04eed468a0aa180",
                "sha256:964cedd2b27c492fbf0b7f58b3284a09cf7f99b0f715941fb24a439b3af1bd1a"
            ],
            "version": "==0.11.0"
        },
        "py": {
            "hashes": [
                "sha256:64f65755aee5b381cea27766a3a147c3f15b9b6b9ac88676de66ba2ae36793fa",
                "sha256:dc639b046a6e2cff5bbe40194ad65936d6ba360b52b3c3fe1d08a82dd50b5e53"
            ],
            "version": "==1.8.0"
        },
        "pycodestyle": {
            "hashes": [
                "sha256:95a2219d12372f05704562a14ec30bc76b05a5b297b21a5dfe3f6fac3491ae56",
                "sha256:e40a936c9a450ad81df37f549d676d127b1b66000a6c500caa2b085bc0ca976c"
            ],
            "version": "==2.5.0"
        },
        "pydocstyle": {
            "hashes": [
                "sha256:2258f9b0df68b97bf3a6c29003edc5238ff8879f1efb6f1999988d934e432bd8",
                "sha256:5741c85e408f9e0ddf873611085e819b809fca90b619f5fd7f34bd4959da3dd4",
                "sha256:ed79d4ec5e92655eccc21eb0c6cf512e69512b4a97d215ace46d17e4990f2039"
            ],
            "version": "==3.0.0"
        },
        "pyflakes": {
            "hashes": [
                "sha256:17dbeb2e3f4d772725c777fabc446d5634d1038f234e77343108ce445ea69ce0",
                "sha256:d976835886f8c5b31d47970ed689944a0262b5f3afa00a5a7b4dc81e5449f8a2"
            ],
            "version": "==2.1.1"
        },
        "pygments": {
            "hashes": [
                "sha256:5ffada19f6203563680669ee7f53b64dabbeb100eb51b61996085e99c03b284a",
                "sha256:e8218dd399a61674745138520d0d4cf2621d7e032439341bc3f647bff125818d"
            ],
            "index": "pypi",
            "version": "==2.3.1"
        },
        "pyroma": {
            "hashes": [
                "sha256:3ed770a0ed1616ee2ffa576852e34fb1ea5b54c37ff78dd33cff67d0e4bb584b",
                "sha256:94a11cb077976bff9bd37ac8b487902556f216c4ee90b74a2344367f73b6ee7f"
            ],
            "index": "pypi",
            "version": "==2.4"
        },
        "pytest": {
            "hashes": [
                "sha256:136632a40451162cdfc18fe4d7ecc5d169b558a3d4bbb1603d4005308a42fd03",
                "sha256:62b129bf8368554ca7a942cbdb57ea26aafef46cc65bc317cdac3967e54483a3"
            ],
            "index": "pypi",
            "version": "==4.4.2"
        },
        "pytest-cov": {
            "hashes": [
                "sha256:0ab664b25c6aa9716cbf203b17ddb301932383046082c081b9848a0edf5add33",
                "sha256:230ef817450ab0699c6cc3c9c8f7a829c34674456f2ed8df1fe1d39780f7c87f"
            ],
            "index": "pypi",
            "version": "==2.6.1"
        },
        "pytest-flake8": {
            "hashes": [
                "sha256:4d225c13e787471502ff94409dcf6f7927049b2ec251c63b764a4b17447b60c0",
                "sha256:d7e2b6b274a255b7ae35e9224c85294b471a83b76ecb6bd53c337ae977a499af"
            ],
            "index": "pypi",
            "version": "==1.0.4"
        },
        "pytest-isort": {
            "hashes": [
                "sha256:3be60e0de277b420ff89303ca6494320c41f7819ffa898756b90ef976e4c636a",
                "sha256:4bfee60dad1870b51700d55a85f5ceda766bd9d3d2878c1bbabee80e61b1be1a"
            ],
            "index": "pypi",
            "version": "==0.3.1"
        },
        "pytest-mock": {
            "hashes": [
                "sha256:43ce4e9dd5074993e7c021bb1c22cbb5363e612a2b5a76bc6d956775b10758b7",
                "sha256:5bf5771b1db93beac965a7347dc81c675ec4090cb841e49d9d34637a25c30568"
            ],
            "index": "pypi",
            "version": "==1.10.4"
        },
        "pytest-randomly": {
            "hashes": [
                "sha256:07b642e177c5921386fa36ee3995a4bda918a1d20b3806a4f397a02788f88331",
                "sha256:f5ac7c6e30a32c1aa5ae911e00b5ffd6a0df38eb818f6b539e1e7b89995724ed"
            ],
            "index": "pypi",
            "version": "==3.0.0"
        },
        "pytz": {
            "hashes": [
                "sha256:303879e36b721603cc54604edcac9d20401bdbe31e1e4fdee5b9f98d5d31dfda",
                "sha256:d747dd3d23d77ef44c6a3526e274af6efeb0a6f1afd5a69ba4d5be4098c8e141"
            ],
            "index": "pypi",
            "version": "==2019.1"
        },
        "readme-renderer": {
            "hashes": [
                "sha256:bb16f55b259f27f75f640acf5e00cf897845a8b3e4731b5c1a436e4b8529202f",
                "sha256:c8532b79afc0375a85f10433eca157d6b50f7d6990f337fa498c96cd4bfc203d"
            ],
            "index": "pypi",
            "version": "==24.0"
        },
        "requests": {
            "hashes": [
                "sha256:502a824f31acdacb3a35b6690b5fbf0bc41d63a24a45c4004352b0242707598e",
                "sha256:7bf2a778576d825600030a110f3c0e3e8edc51dfaafe1c146e39a2027784957b"
            ],
            "index": "pypi",
            "version": "==2.21.0"
        },
        "six": {
            "hashes": [
                "sha256:3350809f0555b11f552448330d0b52d5f24c91a322ea4a15ef22629740f3761c",
                "sha256:d16a0141ec1a18405cd4ce8b4613101da75da0e9a7aec5bdd4fa804d0e0eba73"
            ],
            "version": "==1.12.0"
        },
        "snowballstemmer": {
            "hashes": [
                "sha256:919f26a68b2c17a7634da993d91339e288964f93c274f1343e3bbbe2096e1128",
                "sha256:9f3bcd3c401c3e862ec0ebe6d2c069ebc012ce142cce209c098ccb5b09136e89"
            ],
            "version": "==1.2.1"
        },
        "toml": {
            "hashes": [
                "sha256:229f81c57791a41d65e399fc06bf0848bab550a9dfd5ed66df18ce5f05e73d5c",
                "sha256:235682dd292d5899d361a811df37e04a8828a5b1da3115886b73cf81ebc9100e"
            ],
            "version": "==0.10.0"
        },
        "typed-ast": {
            "hashes": [
                "sha256:132eae51d6ef3ff4a8c47c393a4ef5ebf0d1aecc96880eb5d6c8ceab7017cc9b",
                "sha256:18141c1484ab8784006c839be8b985cfc82a2e9725837b0ecfa0203f71c4e39d",
                "sha256:2baf617f5bbbfe73fd8846463f5aeafc912b5ee247f410700245d68525ec584a",
                "sha256:3d90063f2cbbe39177e9b4d888e45777012652d6110156845b828908c51ae462",
                "sha256:4304b2218b842d610aa1a1d87e1dc9559597969acc62ce717ee4dfeaa44d7eee",
                "sha256:4983ede548ffc3541bae49a82675996497348e55bafd1554dc4e4a5d6eda541a",
                "sha256:5315f4509c1476718a4825f45a203b82d7fdf2a6f5f0c8f166435975b1c9f7d4",
                "sha256:6cdfb1b49d5345f7c2b90d638822d16ba62dc82f7616e9b4caa10b72f3f16649",
                "sha256:7b325f12635598c604690efd7a0197d0b94b7d7778498e76e0710cd582fd1c7a",
                "sha256:8d3b0e3b8626615826f9a626548057c5275a9733512b137984a68ba1598d3d2f",
                "sha256:8f8631160c79f53081bd23446525db0bc4c5616f78d04021e6e434b286493fd7",
                "sha256:912de10965f3dc89da23936f1cc4ed60764f712e5fa603a09dd904f88c996760",
                "sha256:b010c07b975fe853c65d7bbe9d4ac62f1c69086750a574f6292597763781ba18",
                "sha256:c908c10505904c48081a5415a1e295d8403e353e0c14c42b6d67f8f97fae6616",
                "sha256:c94dd3807c0c0610f7c76f078119f4ea48235a953512752b9175f9f98f5ae2bd",
                "sha256:ce65dee7594a84c466e79d7fb7d3303e7295d16a83c22c7c4037071b059e2c21",
                "sha256:eaa9cfcb221a8a4c2889be6f93da141ac777eb8819f077e1d09fb12d00a09a93",
                "sha256:f3376bc31bad66d46d44b4e6522c5c21976bf9bca4ef5987bb2bf727f4506cbb",
                "sha256:f9202fa138544e13a4ec1a6792c35834250a85958fde1251b6a22e07d1260ae7"
            ],
            "version": "==1.3.5"
        },
        "urllib3": {
            "hashes": [
                "sha256:2393a695cd12afedd0dcb26fe5d50d0cf248e5a66f75dbd89a3d4eb333a61af4",
                "sha256:a637e5fae88995b256e3409dc4d52c2e2e0ba32c42a6365fee8bbd2238de3cfb"
            ],
            "version": "==1.24.3"
        },
        "webencodings": {
            "hashes": [
                "sha256:a0af1213f3c2226497a97e2b3aa01a7e4bee4f403f95be16fc9acd2947514a78",
                "sha256:b36a1c245f2d304965eb4e0a82848379241dc04b865afcc4aab16748587e1923"
            ],
            "version": "==0.5.1"
        }
    }
}
